
Microsoft Visual Studio Solution File, Format Version 12.00
# Visual Studio Version 17
VisualStudioVersion = 17.0.31903.59
MinimumVisualStudioVersion = 10.0.40219.1
Project("{FAE04EC0-301F-11D3-BF4B-00C04F79EFBC}") = "Johnson", "Johnson\Johnson.csproj", "{19259E2A-2856-4CD8-A4F1-57613C7FA7DD}"
EndProject
Global
	GlobalSection(SolutionConfigurationPlatforms) = preSolution
		Debug|Any CPU = Debug|Any CPU
		Release|Any CPU = Release|Any CPU
	EndGlobalSection
	GlobalSection(ProjectConfigurationPlatforms) = postSolution
		{19259E2A-2856-4CD8-A4F1-57613C7FA7DD}.Debug|Any CPU.ActiveCfg = Debug|Any CPU
		{19259E2A-2856-4CD8-A4F1-57613C7FA7DD}.Debug|Any CPU.Build.0 = Debug|Any CPU
		{19259E2A-2856-4CD8-A4F1-57613C7FA7DD}.Release|Any CPU.ActiveCfg = Release|Any CPU
		{19259E2A-2856-4CD8-A4F1-57613C7FA7DD}.Release|Any CPU.Build.0 = Release|Any CPU
	EndGlobalSection
	GlobalSection(SolutionProperties) = preSolution
		HideSolutionNode = FALSE
	EndGlobalSection
	GlobalSection(ExtensibilityGlobals) = postSolution
		SolutionGuid = {96EA3038-28E6-466E-8025-14039F457D8D}
	EndGlobalSection
EndGlobal
